
Microsoft Visual Studio Solution File, Format Version 12.00
# Visual Studio Version 16
VisualStudioVersion = 16.0.29503.13
MinimumVisualStudioVersion = 10.0.40219.1
Project("{FAE04EC0-301F-11D3-BF4B-00C04F79EFBC}") = "A First Class", "A First Class\A First Class.csproj", "{9DB242D8-C042-44E6-9F66-D6EC7A75430D}"
EndProject
Global
	GlobalSection(SolutionConfigurationPlatforms) = preSolution
		Debug|Any CPU = Debug|Any CPU
		Release|Any CPU = Release|Any CPU
	EndGlobalSection
	GlobalSection(ProjectConfigurationPlatforms) = postSolution
		{9DB242D8-C042-44E6-9F66-D6EC7A75430D}.Debug|Any CPU.ActiveCfg = Debug|Any CPU
		{9DB242D8-C042-44E6-9F66-D6EC7A75430D}.Debug|Any CPU.Build.0 = Debug|Any CPU
		{9DB242D8-C042-44E6-9F66-D6EC7A75430D}.Release|Any CPU.ActiveCfg = Release|Any CPU
		{9DB242D8-C042-44E6-9F66-D6EC7A75430D}.Release|Any CPU.Build.0 = Release|Any CPU
	EndGlobalSection
	GlobalSection(SolutionProperties) = preSolution
		HideSolutionNode = FALSE
	EndGlobalSection
	GlobalSection(ExtensibilityGlobals) = postSolution
		SolutionGuid = {4E021713-5FA1-480B-AC35-BFFE0F5FBD0C}
	EndGlobalSection
EndGlobal
