
Microsoft Visual Studio Solution File, Format Version 12.00
# Visual Studio Version 16
VisualStudioVersion = 16.0.29503.13
MinimumVisualStudioVersion = 10.0.40219.1
Project("{FAE04EC0-301F-11D3-BF4B-00C04F79EFBC}") = "Numbers", "Numbers\Numbers.csproj", "{5FD7CFBE-87FA-4657-B789-57181490C6B4}"
EndProject
Global
	GlobalSection(SolutionConfigurationPlatforms) = preSolution
		Debug|Any CPU = Debug|Any CPU
		Release|Any CPU = Release|Any CPU
	EndGlobalSection
	GlobalSection(ProjectConfigurationPlatforms) = postSolution
		{5FD7CFBE-87FA-4657-B789-57181490C6B4}.Debug|Any CPU.ActiveCfg = Debug|Any CPU
		{5FD7CFBE-87FA-4657-B789-57181490C6B4}.Debug|Any CPU.Build.0 = Debug|Any CPU
		{5FD7CFBE-87FA-4657-B789-57181490C6B4}.Release|Any CPU.ActiveCfg = Release|Any CPU
		{5FD7CFBE-87FA-4657-B789-57181490C6B4}.Release|Any CPU.Build.0 = Release|Any CPU
	EndGlobalSection
	GlobalSection(SolutionProperties) = preSolution
		HideSolutionNode = FALSE
	EndGlobalSection
	GlobalSection(ExtensibilityGlobals) = postSolution
		SolutionGuid = {324D50F8-E2C6-481F-A5F6-9E1A23806A7B}
	EndGlobalSection
EndGlobal
