
Microsoft Visual Studio Solution File, Format Version 12.00
# Visual Studio Version 16
VisualStudioVersion = 16.0.29503.13
MinimumVisualStudioVersion = 10.0.40219.1
Project("{FAE04EC0-301F-11D3-BF4B-00C04F79EFBC}") = "Operators", "Operators\Operators.csproj", "{CAB77C56-3636-4FB0-9ED2-877727EA7692}"
EndProject
Global
	GlobalSection(SolutionConfigurationPlatforms) = preSolution
		Debug|Any CPU = Debug|Any CPU
		Release|Any CPU = Release|Any CPU
	EndGlobalSection
	GlobalSection(ProjectConfigurationPlatforms) = postSolution
		{CAB77C56-3636-4FB0-9ED2-877727EA7692}.Debug|Any CPU.ActiveCfg = Debug|Any CPU
		{CAB77C56-3636-4FB0-9ED2-877727EA7692}.Debug|Any CPU.Build.0 = Debug|Any CPU
		{CAB77C56-3636-4FB0-9ED2-877727EA7692}.Release|Any CPU.ActiveCfg = Release|Any CPU
		{CAB77C56-3636-4FB0-9ED2-877727EA7692}.Release|Any CPU.Build.0 = Release|Any CPU
	EndGlobalSection
	GlobalSection(SolutionProperties) = preSolution
		HideSolutionNode = FALSE
	EndGlobalSection
	GlobalSection(ExtensibilityGlobals) = postSolution
		SolutionGuid = {47BFDB21-12EA-4EFE-94C7-0D70BD97B49A}
	EndGlobalSection
EndGlobal
