
Microsoft Visual Studio Solution File, Format Version 12.00
# Visual Studio Version 16
VisualStudioVersion = 16.0.29503.13
MinimumVisualStudioVersion = 10.0.40219.1
Project("{FAE04EC0-301F-11D3-BF4B-00C04F79EFBC}") = "Calculator", "Calculator\Calculator.csproj", "{FD680D3F-AD1D-49E7-89ED-A8B0AAEEFA23}"
EndProject
Global
	GlobalSection(SolutionConfigurationPlatforms) = preSolution
		Debug|Any CPU = Debug|Any CPU
		Release|Any CPU = Release|Any CPU
	EndGlobalSection
	GlobalSection(ProjectConfigurationPlatforms) = postSolution
		{FD680D3F-AD1D-49E7-89ED-A8B0AAEEFA23}.Debug|Any CPU.ActiveCfg = Debug|Any CPU
		{FD680D3F-AD1D-49E7-89ED-A8B0AAEEFA23}.Debug|Any CPU.Build.0 = Debug|Any CPU
		{FD680D3F-AD1D-49E7-89ED-A8B0AAEEFA23}.Release|Any CPU.ActiveCfg = Release|Any CPU
		{FD680D3F-AD1D-49E7-89ED-A8B0AAEEFA23}.Release|Any CPU.Build.0 = Release|Any CPU
	EndGlobalSection
	GlobalSection(SolutionProperties) = preSolution
		HideSolutionNode = FALSE
	EndGlobalSection
	GlobalSection(ExtensibilityGlobals) = postSolution
		SolutionGuid = {D9076A80-4083-443D-B93B-B755EA8CFC65}
	EndGlobalSection
EndGlobal
